{
  "name": "stuff",
  "version": "1.0.0",
  "lockfileVersion": 3,
  "requires": true,
  "packages": {
    "": {
      "name": "stuff",
      "version": "1.0.0",
      "license": "ISC",
      "dependencies": {
        "fast-average-color": "^9.3.0"
      }
    },
    "node_modules/fast-average-color": {
      "version": "9.3.0",
      "resolved": "https://registry.npmjs.org/fast-average-color/-/fast-average-color-9.3.0.tgz",
      "integrity": "sha512-FlPROSqDMOnoBgkFhWMHJODPvpS0Od0WDpedcKq4U/t0JVapGAkblNwxOr75qT+ZNd0dQM4qlgqrtnXbCJ8cNg==",
      "engines": {
        "node": ">= 12"
      }
    }
  }
}
